
Microsoft Visual Studio Solution File, Format Version 12.00
# Visual Studio Version 16
VisualStudioVersion = 16.0.30709.132
MinimumVisualStudioVersion = 10.0.40219.1
Project("{FAE04EC0-301F-11D3-BF4B-00C04F79EFBC}") = "projekt_music", "projekt_music\projekt_music.csproj", "{6B4F86D0-C4F1-4565-8F91-66531E2E2FC1}"
EndProject
Global
	GlobalSection(SolutionConfigurationPlatforms) = preSolution
		Debug|Any CPU = Debug|Any CPU
		Release|Any CPU = Release|Any CPU
	EndGlobalSection
	GlobalSection(ProjectConfigurationPlatforms) = postSolution
		{6B4F86D0-C4F1-4565-8F91-66531E2E2FC1}.Debug|Any CPU.ActiveCfg = Debug|Any CPU
		{6B4F86D0-C4F1-4565-8F91-66531E2E2FC1}.Debug|Any CPU.Build.0 = Debug|Any CPU
		{6B4F86D0-C4F1-4565-8F91-66531E2E2FC1}.Release|Any CPU.ActiveCfg = Release|Any CPU
		{6B4F86D0-C4F1-4565-8F91-66531E2E2FC1}.Release|Any CPU.Build.0 = Release|Any CPU
	EndGlobalSection
	GlobalSection(SolutionProperties) = preSolution
		HideSolutionNode = FALSE
	EndGlobalSection
	GlobalSection(ExtensibilityGlobals) = postSolution
		SolutionGuid = {5872C499-60CA-4B3E-9764-4386AE4655CB}
	EndGlobalSection
EndGlobal
